
Microsoft Visual Studio Solution File, Format Version 12.00
# Visual Studio Version 17
VisualStudioVersion = 17.2.32526.322
MinimumVisualStudioVersion = 10.0.40219.1
Project("{FAE04EC0-301F-11D3-BF4B-00C04F79EFBC}") = "myproject", "myproject\myproject.csproj", "{875CFAF7-4E50-4C30-B5C5-8D6A4FE8F759}"
EndProject
Global
	GlobalSection(SolutionConfigurationPlatforms) = preSolution
		Debug|Any CPU = Debug|Any CPU
		Release|Any CPU = Release|Any CPU
	EndGlobalSection
	GlobalSection(ProjectConfigurationPlatforms) = postSolution
		{875CFAF7-4E50-4C30-B5C5-8D6A4FE8F759}.Debug|Any CPU.ActiveCfg = Debug|Any CPU
		{875CFAF7-4E50-4C30-B5C5-8D6A4FE8F759}.Debug|Any CPU.Build.0 = Debug|Any CPU
		{875CFAF7-4E50-4C30-B5C5-8D6A4FE8F759}.Release|Any CPU.ActiveCfg = Release|Any CPU
		{875CFAF7-4E50-4C30-B5C5-8D6A4FE8F759}.Release|Any CPU.Build.0 = Release|Any CPU
	EndGlobalSection
	GlobalSection(SolutionProperties) = preSolution
		HideSolutionNode = FALSE
	EndGlobalSection
	GlobalSection(ExtensibilityGlobals) = postSolution
		SolutionGuid = {7F97E373-5D64-41EF-9BA9-66FEC77E4A93}
	EndGlobalSection
EndGlobal
